
Microsoft Visual Studio Solution File, Format Version 12.00
# Visual Studio 15
VisualStudioVersion = 15.0.28307.329
MinimumVisualStudioVersion = 10.0.40219.1
Project("{FAE04EC0-301F-11D3-BF4B-00C04F79EFBC}") = "IDE", "IDE\IDE.csproj", "{80D8079B-02EF-41A4-81A4-FC82C5BA4340}"
EndProject
Global
	GlobalSection(SolutionConfigurationPlatforms) = preSolution
		Debug|Any CPU = Debug|Any CPU
		Release|Any CPU = Release|Any CPU
	EndGlobalSection
	GlobalSection(ProjectConfigurationPlatforms) = postSolution
		{80D8079B-02EF-41A4-81A4-FC82C5BA4340}.Debug|Any CPU.ActiveCfg = Debug|Any CPU
		{80D8079B-02EF-41A4-81A4-FC82C5BA4340}.Debug|Any CPU.Build.0 = Debug|Any CPU
		{80D8079B-02EF-41A4-81A4-FC82C5BA4340}.Release|Any CPU.ActiveCfg = Release|Any CPU
		{80D8079B-02EF-41A4-81A4-FC82C5BA4340}.Release|Any CPU.Build.0 = Release|Any CPU
	EndGlobalSection
	GlobalSection(SolutionProperties) = preSolution
		HideSolutionNode = FALSE
	EndGlobalSection
	GlobalSection(ExtensibilityGlobals) = postSolution
		SolutionGuid = {EBB284A3-E5EE-4F89-8D6A-C6C2C2DDAF7B}
	EndGlobalSection
EndGlobal
